github.com/andrysds/clarity v2.0.2+incompatible h1:i58ImNDW/Atb70JVG8TQ7j/wZKH+dhVDsS9fg+cAz5E=
github.com/andrysds/clarity v2.0.2+incompatible/go.mod h1:Q6RndBb/PKOHQK9JHHlhN2R3rStAxQ9bcFW1X8FFr3s=
github.com/globalsign/mgo v0.0.0-20181015135952-eeefdecb41b8 h1:DujepqpGd1hyOd7aW59XpK7Qymp8iy83xq74fLr21is=
github.com/globalsign/mgo v0.0.0-20181015135952-eeefdecb41b8/go.mod h1:xkRDCp4j0OGD1HRkm4kmhM+pmpv3AKq5SU7GMg4oO/Q=
github.com/go-redis/redis v6.13.2+incompatible h1:kfEWSpgBs4XmuzGg7nYPqhQejjzU9eKdIL0PmE2TtRY=
github.com/go-redis/redis v6.13.2+incompatible/go.mod h1:NAIEuMOZ/fxfXJIrKDQDz8wamY7mA7PouImQ2Jvg6kA=
github.com/kr/pretty v0.1.0 h1:L/CwN0zerZDmRFUapSPitk6f+Q3+0za1rQkzVuMiMFI=
github.com/kr/pretty v0.1.0/go.mod h1:dAy3ld7l9f0ibDNOQOHHMYYIIbhfbHSm3C4ZsoJORNo=
github.com/kr/pty v1.1.1/go.mod h1:pFQYn66WHrOpPYNljwOMqo10TkYh1fy3cYio2l3bCsQ=
github.com/kr/text v0.1.0 h1:45sCR5RtlFHMR4UwH9sdQ5TC8v0qDQCHnXt+kaKSTVE=
github.com/kr/text v0.1.0/go.mod h1:4Jbv+DJW3UT/LiOwJeYQe1efqtUx/iVham/4vfdArNI=
github.com/robfig/cron v0.0.0-20180505203441-b41be1df6967 h1:x7xEyJDP7Hv3LVgvWhzioQqbC/KtuUhTigKlH/8ehhE=
github.com/robfig/cron v0.0.0-20180505203441-b41be1df6967/go.mod h1:JGuDeoQd7Z6yL4zQhZ3OPEVHB7fL6Ka6skscFHfmt2k=
github.com/subosito/gotenv v1.1.1 h1:TWxckSF6WVKWbo2M3tMqCtWa9NFUgqM1SSynxmYONOI=
github.com/subosito/gotenv v1.1.1/go.mod h1:N0PQaV/YGNqwC0u51sEeR/aUtSLEXKX9iv69rRypqCw=
github.com/technoweenie/multipartstreamer v1.0.1 h1:XRztA5MXiR1TIRHxH2uNxXxaIkKQDeX7m2XsSOlQEnM=
github.com/technoweenie/multipartstreamer v1.0.1/go.mod h1:jNVxdtShOxzAsukZwTSw6MDx5eUJoiEBsSvzDU9uzog=
gopkg.in/check.v1 v1.0.0-20180628173108-788fd7840127 h1:qIbj1fsPNlZgppZ+VLlY7N33q108Sa+fhmuc+sWQYwY=
gopkg.in/check.v1 v1.0.0-20180628173108-788fd7840127/go.mod h1:Co6ibVJAznAaIkqp8huTwlJQCZ016jof/cbN4VW5Yz0=
gopkg.in/telegram-bot-api.v4 v4.6.2 h1:oUu8dyT/KzUWusD3OiPWTLoFM6n9uskQlW1GLoxjQcE=
gopkg.in/telegram-bot-api.v4 v4.6.2/go.mod h1:5DpGO5dbumb40px+dXcwCpcjmeHNYLpk0bp3XRNvWDM=
