github.com/andrysds/clarity v2.0.2+incompatible h1:i58ImNDW/Atb70JVG8TQ7j/wZKH+dhVDsS9fg+cAz5E=
github.com/andrysds/clarity v2.0.2+incompatible/go.mod h1:Q6RndBb/PKOHQK9JHHlhN2R3rStAxQ9bcFW1X8FFr3s=
github.com/go-redis/redis v6.13.2+incompatible h1:kfEWSpgBs4XmuzGg7nYPqhQejjzU9eKdIL0PmE2TtRY=
github.com/go-redis/redis v6.13.2+incompatible/go.mod h1:NAIEuMOZ/fxfXJIrKDQDz8wamY7mA7PouImQ2Jvg6kA=
github.com/robfig/cron v0.0.0-20180505203441-b41be1df6967 h1:x7xEyJDP7Hv3LVgvWhzioQqbC/KtuUhTigKlH/8ehhE=
github.com/robfig/cron v0.0.0-20180505203441-b41be1df6967/go.mod h1:JGuDeoQd7Z6yL4zQhZ3OPEVHB7fL6Ka6skscFHfmt2k=
github.com/subosito/gotenv v1.1.1 h1:TWxckSF6WVKWbo2M3tMqCtWa9NFUgqM1SSynxmYONOI=
github.com/subosito/gotenv v1.1.1/go.mod h1:N0PQaV/YGNqwC0u51sEeR/aUtSLEXKX9iv69rRypqCw=
github.com/technoweenie/multipartstreamer v1.0.1 h1:XRztA5MXiR1TIRHxH2uNxXxaIkKQDeX7m2XsSOlQEnM=
github.com/technoweenie/multipartstreamer v1.0.1/go.mod h1:jNVxdtShOxzAsukZwTSw6MDx5eUJoiEBsSvzDU9uzog=
gopkg.in/telegram-bot-api.v4 v4.6.2 h1:oUu8dyT/KzUWusD3OiPWTLoFM6n9uskQlW1GLoxjQcE=
gopkg.in/telegram-bot-api.v4 v4.6.2/go.mod h1:5DpGO5dbumb40px+dXcwCpcjmeHNYLpk0bp3XRNvWDM=
